
Microsoft Visual Studio Solution File, Format Version 12.00
# Visual Studio Version 17
VisualStudioVersion = 17.5.002.0
MinimumVisualStudioVersion = 10.0.40219.1
Project("{9A19103F-16F7-4668-BE54-9A1E7A4F7556}") = "creatingInterfaces", "creatingInterfaces\creatingInterfaces.csproj", "{FAE17612-E358-4A13-B947-382B5C87405B}"
EndProject
Project("{9A19103F-16F7-4668-BE54-9A1E7A4F7556}") = "IEnumerableExample_1", "IEnumerableExample_1\IEnumerableExample_1.csproj", "{4AD8D733-B3D8-4863-8253-47027CD156C2}"
EndProject
Project("{9A19103F-16F7-4668-BE54-9A1E7A4F7556}") = "IEnumerableExample_2", "IEnumerableExample_2\IEnumerableExample_2.csproj", "{A96ED66D-B6B6-408B-B1F4-B318ACFBD577}"
EndProject
Project("{9A19103F-16F7-4668-BE54-9A1E7A4F7556}") = "IEnumerableExample_3", "IEnumerableExample_3\IEnumerableExample_3.csproj", "{065B69F3-BA5C-4DDC-AE67-C1379302D653}"
EndProject
Project("{9A19103F-16F7-4668-BE54-9A1E7A4F7556}") = "IEnumeratorAndIEnumerable", "IEnumeratorAndIEnumerable\IEnumeratorAndIEnumerable.csproj", "{3C26B64F-E442-40E3-8DA5-A6E15F09CA36}"
EndProject
Project("{9A19103F-16F7-4668-BE54-9A1E7A4F7556}") = "inheritanceChallenge_1", "inheritanceChallenge\inheritanceChallenge_1.csproj", "{296414CD-86AF-45C9-868A-6E770842EA6F}"
EndProject
Project("{9A19103F-16F7-4668-BE54-9A1E7A4F7556}") = "inheritanceDemo", "inheritanceDemo\inheritanceDemo.csproj", "{47C77D9C-61A5-4F96-9ADF-5F465559C6D9}"
EndProject
Project("{9A19103F-16F7-4668-BE54-9A1E7A4F7556}") = "inheritanceExample", "inheritanceExample\inheritanceExample.csproj", "{818D3E8F-8C61-45CD-A207-FBCFF6ACE41D}"
EndProject
Project("{9A19103F-16F7-4668-BE54-9A1E7A4F7556}") = "inheritancesAndInterfaces", "inheritancesAndInterfaces\inheritancesAndInterfaces.csproj", "{33E00B67-749F-4433-B854-A03401A24724}"
EndProject
Project("{9A19103F-16F7-4668-BE54-9A1E7A4F7556}") = "virtualAndOverrideKeywords", "virtualAndOverrideKeywords\virtualAndOverrideKeywords.csproj", "{D248D1AE-F9B0-4712-96D5-60EBCF871CD1}"
EndProject
Global
	GlobalSection(SolutionConfigurationPlatforms) = preSolution
		Debug|Any CPU = Debug|Any CPU
		Release|Any CPU = Release|Any CPU
	EndGlobalSection
	GlobalSection(ProjectConfigurationPlatforms) = postSolution
		{FAE17612-E358-4A13-B947-382B5C87405B}.Debug|Any CPU.ActiveCfg = Debug|Any CPU
		{FAE17612-E358-4A13-B947-382B5C87405B}.Debug|Any CPU.Build.0 = Debug|Any CPU
		{FAE17612-E358-4A13-B947-382B5C87405B}.Release|Any CPU.ActiveCfg = Release|Any CPU
		{FAE17612-E358-4A13-B947-382B5C87405B}.Release|Any CPU.Build.0 = Release|Any CPU
		{4AD8D733-B3D8-4863-8253-47027CD156C2}.Debug|Any CPU.ActiveCfg = Debug|Any CPU
		{4AD8D733-B3D8-4863-8253-47027CD156C2}.Debug|Any CPU.Build.0 = Debug|Any CPU
		{4AD8D733-B3D8-4863-8253-47027CD156C2}.Release|Any CPU.ActiveCfg = Release|Any CPU
		{4AD8D733-B3D8-4863-8253-47027CD156C2}.Release|Any CPU.Build.0 = Release|Any CPU
		{A96ED66D-B6B6-408B-B1F4-B318ACFBD577}.Debug|Any CPU.ActiveCfg = Debug|Any CPU
		{A96ED66D-B6B6-408B-B1F4-B318ACFBD577}.Debug|Any CPU.Build.0 = Debug|Any CPU
		{A96ED66D-B6B6-408B-B1F4-B318ACFBD577}.Release|Any CPU.ActiveCfg = Release|Any CPU
		{A96ED66D-B6B6-408B-B1F4-B318ACFBD577}.Release|Any CPU.Build.0 = Release|Any CPU
		{065B69F3-BA5C-4DDC-AE67-C1379302D653}.Debug|Any CPU.ActiveCfg = Debug|Any CPU
		{065B69F3-BA5C-4DDC-AE67-C1379302D653}.Debug|Any CPU.Build.0 = Debug|Any CPU
		{065B69F3-BA5C-4DDC-AE67-C1379302D653}.Release|Any CPU.ActiveCfg = Release|Any CPU
		{065B69F3-BA5C-4DDC-AE67-C1379302D653}.Release|Any CPU.Build.0 = Release|Any CPU
		{3C26B64F-E442-40E3-8DA5-A6E15F09CA36}.Debug|Any CPU.ActiveCfg = Debug|Any CPU
		{3C26B64F-E442-40E3-8DA5-A6E15F09CA36}.Debug|Any CPU.Build.0 = Debug|Any CPU
		{3C26B64F-E442-40E3-8DA5-A6E15F09CA36}.Release|Any CPU.ActiveCfg = Release|Any CPU
		{3C26B64F-E442-40E3-8DA5-A6E15F09CA36}.Release|Any CPU.Build.0 = Release|Any CPU
		{296414CD-86AF-45C9-868A-6E770842EA6F}.Debug|Any CPU.ActiveCfg = Debug|Any CPU
		{296414CD-86AF-45C9-868A-6E770842EA6F}.Debug|Any CPU.Build.0 = Debug|Any CPU
		{296414CD-86AF-45C9-868A-6E770842EA6F}.Release|Any CPU.ActiveCfg = Release|Any CPU
		{296414CD-86AF-45C9-868A-6E770842EA6F}.Release|Any CPU.Build.0 = Release|Any CPU
		{47C77D9C-61A5-4F96-9ADF-5F465559C6D9}.Debug|Any CPU.ActiveCfg = Debug|Any CPU
		{47C77D9C-61A5-4F96-9ADF-5F465559C6D9}.Debug|Any CPU.Build.0 = Debug|Any CPU
		{47C77D9C-61A5-4F96-9ADF-5F465559C6D9}.Release|Any CPU.ActiveCfg = Release|Any CPU
		{47C77D9C-61A5-4F96-9ADF-5F465559C6D9}.Release|Any CPU.Build.0 = Release|Any CPU
		{818D3E8F-8C61-45CD-A207-FBCFF6ACE41D}.Debug|Any CPU.ActiveCfg = Debug|Any CPU
		{818D3E8F-8C61-45CD-A207-FBCFF6ACE41D}.Debug|Any CPU.Build.0 = Debug|Any CPU
		{818D3E8F-8C61-45CD-A207-FBCFF6ACE41D}.Release|Any CPU.ActiveCfg = Release|Any CPU
		{818D3E8F-8C61-45CD-A207-FBCFF6ACE41D}.Release|Any CPU.Build.0 = Release|Any CPU
		{33E00B67-749F-4433-B854-A03401A24724}.Debug|Any CPU.ActiveCfg = Debug|Any CPU
		{33E00B67-749F-4433-B854-A03401A24724}.Debug|Any CPU.Build.0 = Debug|Any CPU
		{33E00B67-749F-4433-B854-A03401A24724}.Release|Any CPU.ActiveCfg = Release|Any CPU
		{33E00B67-749F-4433-B854-A03401A24724}.Release|Any CPU.Build.0 = Release|Any CPU
		{D248D1AE-F9B0-4712-96D5-60EBCF871CD1}.Debug|Any CPU.ActiveCfg = Debug|Any CPU
		{D248D1AE-F9B0-4712-96D5-60EBCF871CD1}.Debug|Any CPU.Build.0 = Debug|Any CPU
		{D248D1AE-F9B0-4712-96D5-60EBCF871CD1}.Release|Any CPU.ActiveCfg = Release|Any CPU
		{D248D1AE-F9B0-4712-96D5-60EBCF871CD1}.Release|Any CPU.Build.0 = Release|Any CPU
	EndGlobalSection
	GlobalSection(SolutionProperties) = preSolution
		HideSolutionNode = FALSE
	EndGlobalSection
	GlobalSection(ExtensibilityGlobals) = postSolution
		SolutionGuid = {0BA63679-16E7-460E-A6AF-00FC416B894C}
	EndGlobalSection
EndGlobal
