
Microsoft Visual Studio Solution File, Format Version 12.00
# Visual Studio Version 17
VisualStudioVersion = 17.9.34723.18
MinimumVisualStudioVersion = 10.0.40219.1
Project("{2150E333-8FDC-42A3-9474-1A3956D46DE8}") = "Services", "Services", "{DD3BC570-B42A-408F-9AEE-27AE44824CCD}"
EndProject
Project("{2150E333-8FDC-42A3-9474-1A3956D46DE8}") = "Catalog", "Catalog", "{01A3A9CE-4929-41AE-912E-AB77F2FA5455}"
EndProject
Project("{9A19103F-16F7-4668-BE54-9A1E7A4F7556}") = "Catalog.Core", "Services\Catalog\Catalog.Core\Catalog.Core.csproj", "{8F0B865E-9E01-4285-8B3A-77A56EBE5A84}"
EndProject
Project("{FAE04EC0-301F-11D3-BF4B-00C04F79EFBC}") = "Catalog.Repository", "Services\Catalog\Catalog.Repository\Catalog.Repository.csproj", "{C859241F-F1AF-4F7F-8591-5FCA9152114D}"
EndProject
Project("{FAE04EC0-301F-11D3-BF4B-00C04F79EFBC}") = "Catalog.Service", "Services\Catalog\Catalog.Service\Catalog.Service.csproj", "{5F767982-631C-4E22-B03A-7AD65F694FCA}"
EndProject
Project("{FAE04EC0-301F-11D3-BF4B-00C04F79EFBC}") = "Catalog.API", "Services\Catalog\Catalog.API\Catalog.API.csproj", "{6DDCFF2B-48C1-478D-A7EA-4BCE78728F50}"
EndProject
Global
	GlobalSection(SolutionConfigurationPlatforms) = preSolution
		Debug|Any CPU = Debug|Any CPU
		Release|Any CPU = Release|Any CPU
	EndGlobalSection
	GlobalSection(ProjectConfigurationPlatforms) = postSolution
		{8F0B865E-9E01-4285-8B3A-77A56EBE5A84}.Debug|Any CPU.ActiveCfg = Debug|Any CPU
		{8F0B865E-9E01-4285-8B3A-77A56EBE5A84}.Debug|Any CPU.Build.0 = Debug|Any CPU
		{8F0B865E-9E01-4285-8B3A-77A56EBE5A84}.Release|Any CPU.ActiveCfg = Release|Any CPU
		{8F0B865E-9E01-4285-8B3A-77A56EBE5A84}.Release|Any CPU.Build.0 = Release|Any CPU
		{C859241F-F1AF-4F7F-8591-5FCA9152114D}.Debug|Any CPU.ActiveCfg = Debug|Any CPU
		{C859241F-F1AF-4F7F-8591-5FCA9152114D}.Debug|Any CPU.Build.0 = Debug|Any CPU
		{C859241F-F1AF-4F7F-8591-5FCA9152114D}.Release|Any CPU.ActiveCfg = Release|Any CPU
		{C859241F-F1AF-4F7F-8591-5FCA9152114D}.Release|Any CPU.Build.0 = Release|Any CPU
		{5F767982-631C-4E22-B03A-7AD65F694FCA}.Debug|Any CPU.ActiveCfg = Debug|Any CPU
		{5F767982-631C-4E22-B03A-7AD65F694FCA}.Debug|Any CPU.Build.0 = Debug|Any CPU
		{5F767982-631C-4E22-B03A-7AD65F694FCA}.Release|Any CPU.ActiveCfg = Release|Any CPU
		{5F767982-631C-4E22-B03A-7AD65F694FCA}.Release|Any CPU.Build.0 = Release|Any CPU
		{6DDCFF2B-48C1-478D-A7EA-4BCE78728F50}.Debug|Any CPU.ActiveCfg = Debug|Any CPU
		{6DDCFF2B-48C1-478D-A7EA-4BCE78728F50}.Debug|Any CPU.Build.0 = Debug|Any CPU
		{6DDCFF2B-48C1-478D-A7EA-4BCE78728F50}.Release|Any CPU.ActiveCfg = Release|Any CPU
		{6DDCFF2B-48C1-478D-A7EA-4BCE78728F50}.Release|Any CPU.Build.0 = Release|Any CPU
	EndGlobalSection
	GlobalSection(SolutionProperties) = preSolution
		HideSolutionNode = FALSE
	EndGlobalSection
	GlobalSection(NestedProjects) = preSolution
		{01A3A9CE-4929-41AE-912E-AB77F2FA5455} = {DD3BC570-B42A-408F-9AEE-27AE44824CCD}
		{8F0B865E-9E01-4285-8B3A-77A56EBE5A84} = {01A3A9CE-4929-41AE-912E-AB77F2FA5455}
		{C859241F-F1AF-4F7F-8591-5FCA9152114D} = {01A3A9CE-4929-41AE-912E-AB77F2FA5455}
		{5F767982-631C-4E22-B03A-7AD65F694FCA} = {01A3A9CE-4929-41AE-912E-AB77F2FA5455}
		{6DDCFF2B-48C1-478D-A7EA-4BCE78728F50} = {01A3A9CE-4929-41AE-912E-AB77F2FA5455}
	EndGlobalSection
	GlobalSection(ExtensibilityGlobals) = postSolution
		SolutionGuid = {E8C02B03-41AF-44D2-B5EA-D451EC414232}
	EndGlobalSection
EndGlobal
