
Microsoft Visual Studio Solution File, Format Version 12.00
# Visual Studio Version 17
VisualStudioVersion = 17.9.34723.18
MinimumVisualStudioVersion = 10.0.40219.1
Project("{2150E333-8FDC-42A3-9474-1A3956D46DE8}") = "Services", "Services", "{DD3BC570-B42A-408F-9AEE-27AE44824CCD}"
EndProject
Project("{2150E333-8FDC-42A3-9474-1A3956D46DE8}") = "Catalog", "Catalog", "{01A3A9CE-4929-41AE-912E-AB77F2FA5455}"
EndProject
Project("{9A19103F-16F7-4668-BE54-9A1E7A4F7556}") = "Catalog.Core", "Services\Catalog\Catalog.Core\Catalog.Core.csproj", "{8F0B865E-9E01-4285-8B3A-77A56EBE5A84}"
EndProject
Project("{9A19103F-16F7-4668-BE54-9A1E7A4F7556}") = "Catalog.Repository", "Services\Catalog\Catalog.Repository\Catalog.Repository.csproj", "{C859241F-F1AF-4F7F-8591-5FCA9152114D}"
EndProject
Project("{9A19103F-16F7-4668-BE54-9A1E7A4F7556}") = "Catalog.Service", "Services\Catalog\Catalog.Service\Catalog.Service.csproj", "{5F767982-631C-4E22-B03A-7AD65F694FCA}"
EndProject
Project("{9A19103F-16F7-4668-BE54-9A1E7A4F7556}") = "Catalog.API", "Services\Catalog\Catalog.API\Catalog.API.csproj", "{6DDCFF2B-48C1-478D-A7EA-4BCE78728F50}"
EndProject
Project("{2150E333-8FDC-42A3-9474-1A3956D46DE8}") = "Shared", "Shared", "{3F9931AB-4D87-43E4-8DD4-994E7671804E}"
EndProject
Project("{9A19103F-16F7-4668-BE54-9A1E7A4F7556}") = "Shared", "Shared\Shared\Shared.csproj", "{71F2B599-5EC5-4F93-872B-CE7ABC4393AA}"
EndProject
Project("{2150E333-8FDC-42A3-9474-1A3956D46DE8}") = "Basket", "Basket", "{5F5BD5DE-46D5-4A46-AA36-ADCD03EE803B}"
EndProject
Project("{FAE04EC0-301F-11D3-BF4B-00C04F79EFBC}") = "Basket.Core", "Services\Basket\Basket.Core\Basket.Core.csproj", "{CF42FE27-9DF5-48C5-8273-DBB79B7E219C}"
EndProject
Project("{FAE04EC0-301F-11D3-BF4B-00C04F79EFBC}") = "Basket.Caching", "Services\Basket\Basket.Caching\Basket.Caching.csproj", "{29450F52-890D-4273-B207-CD82789951C4}"
EndProject
Project("{FAE04EC0-301F-11D3-BF4B-00C04F79EFBC}") = "Basket.API", "Services\Basket\Basket.API\Basket.API.csproj", "{E3D659E5-36CE-4D0E-9F09-FD44C36694C1}"
EndProject
Project("{2150E333-8FDC-42A3-9474-1A3956D46DE8}") = "Gateways", "Gateways", "{3B83069B-0BE4-4A6E-A000-2906BBB8E164}"
EndProject
Project("{FAE04EC0-301F-11D3-BF4B-00C04F79EFBC}") = "Gateway", "Gateway\Gateway.csproj", "{729CD8C3-CE74-45FD-ABFC-01BE7FF4AC15}"
EndProject
Global
	GlobalSection(SolutionConfigurationPlatforms) = preSolution
		Debug|Any CPU = Debug|Any CPU
		Release|Any CPU = Release|Any CPU
	EndGlobalSection
	GlobalSection(ProjectConfigurationPlatforms) = postSolution
		{8F0B865E-9E01-4285-8B3A-77A56EBE5A84}.Debug|Any CPU.ActiveCfg = Debug|Any CPU
		{8F0B865E-9E01-4285-8B3A-77A56EBE5A84}.Debug|Any CPU.Build.0 = Debug|Any CPU
		{8F0B865E-9E01-4285-8B3A-77A56EBE5A84}.Release|Any CPU.ActiveCfg = Release|Any CPU
		{8F0B865E-9E01-4285-8B3A-77A56EBE5A84}.Release|Any CPU.Build.0 = Release|Any CPU
		{C859241F-F1AF-4F7F-8591-5FCA9152114D}.Debug|Any CPU.ActiveCfg = Debug|Any CPU
		{C859241F-F1AF-4F7F-8591-5FCA9152114D}.Debug|Any CPU.Build.0 = Debug|Any CPU
		{C859241F-F1AF-4F7F-8591-5FCA9152114D}.Release|Any CPU.ActiveCfg = Release|Any CPU
		{C859241F-F1AF-4F7F-8591-5FCA9152114D}.Release|Any CPU.Build.0 = Release|Any CPU
		{5F767982-631C-4E22-B03A-7AD65F694FCA}.Debug|Any CPU.ActiveCfg = Debug|Any CPU
		{5F767982-631C-4E22-B03A-7AD65F694FCA}.Debug|Any CPU.Build.0 = Debug|Any CPU
		{5F767982-631C-4E22-B03A-7AD65F694FCA}.Release|Any CPU.ActiveCfg = Release|Any CPU
		{5F767982-631C-4E22-B03A-7AD65F694FCA}.Release|Any CPU.Build.0 = Release|Any CPU
		{6DDCFF2B-48C1-478D-A7EA-4BCE78728F50}.Debug|Any CPU.ActiveCfg = Debug|Any CPU
		{6DDCFF2B-48C1-478D-A7EA-4BCE78728F50}.Debug|Any CPU.Build.0 = Debug|Any CPU
		{6DDCFF2B-48C1-478D-A7EA-4BCE78728F50}.Release|Any CPU.ActiveCfg = Release|Any CPU
		{6DDCFF2B-48C1-478D-A7EA-4BCE78728F50}.Release|Any CPU.Build.0 = Release|Any CPU
		{71F2B599-5EC5-4F93-872B-CE7ABC4393AA}.Debug|Any CPU.ActiveCfg = Debug|Any CPU
		{71F2B599-5EC5-4F93-872B-CE7ABC4393AA}.Debug|Any CPU.Build.0 = Debug|Any CPU
		{71F2B599-5EC5-4F93-872B-CE7ABC4393AA}.Release|Any CPU.ActiveCfg = Release|Any CPU
		{71F2B599-5EC5-4F93-872B-CE7ABC4393AA}.Release|Any CPU.Build.0 = Release|Any CPU
		{CF42FE27-9DF5-48C5-8273-DBB79B7E219C}.Debug|Any CPU.ActiveCfg = Debug|Any CPU
		{CF42FE27-9DF5-48C5-8273-DBB79B7E219C}.Debug|Any CPU.Build.0 = Debug|Any CPU
		{CF42FE27-9DF5-48C5-8273-DBB79B7E219C}.Release|Any CPU.ActiveCfg = Release|Any CPU
		{CF42FE27-9DF5-48C5-8273-DBB79B7E219C}.Release|Any CPU.Build.0 = Release|Any CPU
		{29450F52-890D-4273-B207-CD82789951C4}.Debug|Any CPU.ActiveCfg = Debug|Any CPU
		{29450F52-890D-4273-B207-CD82789951C4}.Debug|Any CPU.Build.0 = Debug|Any CPU
		{29450F52-890D-4273-B207-CD82789951C4}.Release|Any CPU.ActiveCfg = Release|Any CPU
		{29450F52-890D-4273-B207-CD82789951C4}.Release|Any CPU.Build.0 = Release|Any CPU
		{E3D659E5-36CE-4D0E-9F09-FD44C36694C1}.Debug|Any CPU.ActiveCfg = Debug|Any CPU
		{E3D659E5-36CE-4D0E-9F09-FD44C36694C1}.Debug|Any CPU.Build.0 = Debug|Any CPU
		{E3D659E5-36CE-4D0E-9F09-FD44C36694C1}.Release|Any CPU.ActiveCfg = Release|Any CPU
		{E3D659E5-36CE-4D0E-9F09-FD44C36694C1}.Release|Any CPU.Build.0 = Release|Any CPU
		{729CD8C3-CE74-45FD-ABFC-01BE7FF4AC15}.Debug|Any CPU.ActiveCfg = Debug|Any CPU
		{729CD8C3-CE74-45FD-ABFC-01BE7FF4AC15}.Debug|Any CPU.Build.0 = Debug|Any CPU
		{729CD8C3-CE74-45FD-ABFC-01BE7FF4AC15}.Release|Any CPU.ActiveCfg = Release|Any CPU
		{729CD8C3-CE74-45FD-ABFC-01BE7FF4AC15}.Release|Any CPU.Build.0 = Release|Any CPU
	EndGlobalSection
	GlobalSection(SolutionProperties) = preSolution
		HideSolutionNode = FALSE
	EndGlobalSection
	GlobalSection(NestedProjects) = preSolution
		{01A3A9CE-4929-41AE-912E-AB77F2FA5455} = {DD3BC570-B42A-408F-9AEE-27AE44824CCD}
		{8F0B865E-9E01-4285-8B3A-77A56EBE5A84} = {01A3A9CE-4929-41AE-912E-AB77F2FA5455}
		{C859241F-F1AF-4F7F-8591-5FCA9152114D} = {01A3A9CE-4929-41AE-912E-AB77F2FA5455}
		{5F767982-631C-4E22-B03A-7AD65F694FCA} = {01A3A9CE-4929-41AE-912E-AB77F2FA5455}
		{6DDCFF2B-48C1-478D-A7EA-4BCE78728F50} = {01A3A9CE-4929-41AE-912E-AB77F2FA5455}
		{71F2B599-5EC5-4F93-872B-CE7ABC4393AA} = {3F9931AB-4D87-43E4-8DD4-994E7671804E}
		{5F5BD5DE-46D5-4A46-AA36-ADCD03EE803B} = {DD3BC570-B42A-408F-9AEE-27AE44824CCD}
		{CF42FE27-9DF5-48C5-8273-DBB79B7E219C} = {5F5BD5DE-46D5-4A46-AA36-ADCD03EE803B}
		{29450F52-890D-4273-B207-CD82789951C4} = {5F5BD5DE-46D5-4A46-AA36-ADCD03EE803B}
		{E3D659E5-36CE-4D0E-9F09-FD44C36694C1} = {5F5BD5DE-46D5-4A46-AA36-ADCD03EE803B}
		{729CD8C3-CE74-45FD-ABFC-01BE7FF4AC15} = {3B83069B-0BE4-4A6E-A000-2906BBB8E164}
	EndGlobalSection
	GlobalSection(ExtensibilityGlobals) = postSolution
		SolutionGuid = {E8C02B03-41AF-44D2-B5EA-D451EC414232}
	EndGlobalSection
EndGlobal
